
Microsoft Visual Studio Solution File, Format Version 12.00
# Visual Studio Version 16
VisualStudioVersion = 16.0.31605.320
MinimumVisualStudioVersion = 10.0.40219.1
Project("{FAE04EC0-301F-11D3-BF4B-00C04F79EFBC}") = "SalesWebMVC", "SalesWebMVC\SalesWebMVC.csproj", "{0DD0D483-9C43-47B2-BA50-9D60CA7549C3}"
EndProject
Global
	GlobalSection(SolutionConfigurationPlatforms) = preSolution
		Debug|Any CPU = Debug|Any CPU
		Release|Any CPU = Release|Any CPU
	EndGlobalSection
	GlobalSection(ProjectConfigurationPlatforms) = postSolution
		{0DD0D483-9C43-47B2-BA50-9D60CA7549C3}.Debug|Any CPU.ActiveCfg = Debug|Any CPU
		{0DD0D483-9C43-47B2-BA50-9D60CA7549C3}.Debug|Any CPU.Build.0 = Debug|Any CPU
		{0DD0D483-9C43-47B2-BA50-9D60CA7549C3}.Release|Any CPU.ActiveCfg = Release|Any CPU
		{0DD0D483-9C43-47B2-BA50-9D60CA7549C3}.Release|Any CPU.Build.0 = Release|Any CPU
	EndGlobalSection
	GlobalSection(SolutionProperties) = preSolution
		HideSolutionNode = FALSE
	EndGlobalSection
	GlobalSection(ExtensibilityGlobals) = postSolution
		SolutionGuid = {6097F174-CB45-472B-B700-FFCBC0FCF9E0}
	EndGlobalSection
EndGlobal
